
Microsoft Visual Studio Solution File, Format Version 12.00
# Visual Studio Version 16
VisualStudioVersion = 16.0.29503.13
MinimumVisualStudioVersion = 10.0.40219.1
Project("{9A19103F-16F7-4668-BE54-9A1E7A4F7556}") = "Watcher.Service", "Watcher.Service\Watcher.Service.csproj", "{2BBBBBAD-EEDD-4073-A482-8AED3145A9C5}"
EndProject
Project("{9A19103F-16F7-4668-BE54-9A1E7A4F7556}") = "Watcher.DAL", "Watcher.DAL\Watcher.DAL.csproj", "{8C8ACED4-A475-4AE9-8788-1EF4938B60F1}"
EndProject
Project("{9A19103F-16F7-4668-BE54-9A1E7A4F7556}") = "Watcher.Common", "Watcher.Common\Watcher.Common.csproj", "{8C047CD7-1CBC-44FA-98BC-879D16A4FF88}"
EndProject
Project("{9A19103F-16F7-4668-BE54-9A1E7A4F7556}") = "Watcher.Messages", "Watcher.Messages\Watcher.Messages.csproj", "{EB07D192-D30C-4BEC-9E73-05416E5ED470}"
EndProject
Project("{9A19103F-16F7-4668-BE54-9A1E7A4F7556}") = "Watcher.Web", "Watcher.Web\Watcher.Web.csproj", "{2ACED43D-2BF4-4485-B6FD-3652175D9565}"
EndProject
Global
	GlobalSection(SolutionConfigurationPlatforms) = preSolution
		Debug|Any CPU = Debug|Any CPU
		Release|Any CPU = Release|Any CPU
	EndGlobalSection
	GlobalSection(ProjectConfigurationPlatforms) = postSolution
		{2BBBBBAD-EEDD-4073-A482-8AED3145A9C5}.Debug|Any CPU.ActiveCfg = Debug|Any CPU
		{2BBBBBAD-EEDD-4073-A482-8AED3145A9C5}.Debug|Any CPU.Build.0 = Debug|Any CPU
		{2BBBBBAD-EEDD-4073-A482-8AED3145A9C5}.Release|Any CPU.ActiveCfg = Release|Any CPU
		{2BBBBBAD-EEDD-4073-A482-8AED3145A9C5}.Release|Any CPU.Build.0 = Release|Any CPU
		{8C8ACED4-A475-4AE9-8788-1EF4938B60F1}.Debug|Any CPU.ActiveCfg = Debug|Any CPU
		{8C8ACED4-A475-4AE9-8788-1EF4938B60F1}.Debug|Any CPU.Build.0 = Debug|Any CPU
		{8C8ACED4-A475-4AE9-8788-1EF4938B60F1}.Release|Any CPU.ActiveCfg = Release|Any CPU
		{8C8ACED4-A475-4AE9-8788-1EF4938B60F1}.Release|Any CPU.Build.0 = Release|Any CPU
		{8C047CD7-1CBC-44FA-98BC-879D16A4FF88}.Debug|Any CPU.ActiveCfg = Debug|Any CPU
		{8C047CD7-1CBC-44FA-98BC-879D16A4FF88}.Debug|Any CPU.Build.0 = Debug|Any CPU
		{8C047CD7-1CBC-44FA-98BC-879D16A4FF88}.Release|Any CPU.ActiveCfg = Release|Any CPU
		{8C047CD7-1CBC-44FA-98BC-879D16A4FF88}.Release|Any CPU.Build.0 = Release|Any CPU
		{EB07D192-D30C-4BEC-9E73-05416E5ED470}.Debug|Any CPU.ActiveCfg = Debug|Any CPU
		{EB07D192-D30C-4BEC-9E73-05416E5ED470}.Debug|Any CPU.Build.0 = Debug|Any CPU
		{EB07D192-D30C-4BEC-9E73-05416E5ED470}.Release|Any CPU.ActiveCfg = Release|Any CPU
		{EB07D192-D30C-4BEC-9E73-05416E5ED470}.Release|Any CPU.Build.0 = Release|Any CPU
		{2ACED43D-2BF4-4485-B6FD-3652175D9565}.Debug|Any CPU.ActiveCfg = Debug|Any CPU
		{2ACED43D-2BF4-4485-B6FD-3652175D9565}.Debug|Any CPU.Build.0 = Debug|Any CPU
		{2ACED43D-2BF4-4485-B6FD-3652175D9565}.Release|Any CPU.ActiveCfg = Release|Any CPU
		{2ACED43D-2BF4-4485-B6FD-3652175D9565}.Release|Any CPU.Build.0 = Release|Any CPU
	EndGlobalSection
	GlobalSection(SolutionProperties) = preSolution
		HideSolutionNode = FALSE
	EndGlobalSection
	GlobalSection(ExtensibilityGlobals) = postSolution
		SolutionGuid = {1988FFB7-5514-4762-AE3C-BBC84B64AF17}
	EndGlobalSection
EndGlobal
