
Microsoft Visual Studio Solution File, Format Version 12.00
# Visual Studio 2013
VisualStudioVersion = 12.0.21005.1
MinimumVisualStudioVersion = 10.0.40219.1
Project("{2150E333-8FDC-42A3-9474-1A3956D46DE8}") = "Frontend", "Frontend", "{74414738-AE3A-415F-B4E7-1F0A0901AF9F}"
EndProject
Project("{2150E333-8FDC-42A3-9474-1A3956D46DE8}") = "Backend", "Backend", "{5E2CB1C6-17A6-40CF-90E0-E755FAF278D6}"
EndProject
Project("{FAE04EC0-301F-11D3-BF4B-00C04F79EFBC}") = "Web.UI", "Frontend\Web.UI\Web.UI.csproj", "{AA0DA67A-FEE1-4A01-8F32-0F60B0ACAD53}"
EndProject
Project("{FAE04EC0-301F-11D3-BF4B-00C04F79EFBC}") = "Resources", "Frontend\Resources\Resources.csproj", "{84A7BAF6-5A4D-4BEC-90B7-B6A94EF27B3C}"
EndProject
Project("{FAE04EC0-301F-11D3-BF4B-00C04F79EFBC}") = "BLL", "Backend\BLL\BLL.csproj", "{647A6A80-1314-44F7-9618-DB1B7F2977B6}"
EndProject
Project("{FAE04EC0-301F-11D3-BF4B-00C04F79EFBC}") = "Repository", "Backend\Repository\Repository.csproj", "{2318A59E-24F4-4342-9943-4395077CA0BD}"
EndProject
Project("{FAE04EC0-301F-11D3-BF4B-00C04F79EFBC}") = "Services", "Backend\Services\Services.csproj", "{E62689B8-39E1-47DB-B96D-21432900A35C}"
EndProject
Project("{2150E333-8FDC-42A3-9474-1A3956D46DE8}") = "Messages", "Messages", "{5C604E13-AEB1-4CC7-84A7-4CEC1D0D3545}"
EndProject
Project("{FAE04EC0-301F-11D3-BF4B-00C04F79EFBC}") = "Messages", "Messages\Messages.csproj", "{254AA977-2887-4AF8-BF66-F7A51C7C4B61}"
EndProject
Project("{FAE04EC0-301F-11D3-BF4B-00C04F79EFBC}") = "Startup.Console", "Backend\Startup.Console\Startup.Console.csproj", "{92FC223D-0E62-4A64-82E5-6CCC6077AFD3}"
EndProject
Project("{FAE04EC0-301F-11D3-BF4B-00C04F79EFBC}") = "DataTables.Mvc", "Frontend\DataTables.Mvc\DataTables.Mvc.csproj", "{431ADB89-3DA0-4E18-9AF0-984B917E6EB8}"
EndProject
Project("{FAE04EC0-301F-11D3-BF4B-00C04F79EFBC}") = "Startup.WindowsService", "Backend\Startup.WindowsService\Startup.WindowsService\Startup.WindowsService.csproj", "{DA38DF68-90CB-40D7-A872-8D671421A0AD}"
EndProject
Project("{2150E333-8FDC-42A3-9474-1A3956D46DE8}") = ".nuget", ".nuget", "{14C6270D-EC77-48D5-9968-B7896A6F00E9}"
	ProjectSection(SolutionItems) = preProject
		.nuget\NuGet.Config = .nuget\NuGet.Config
		.nuget\NuGet.exe = .nuget\NuGet.exe
		.nuget\NuGet.targets = .nuget\NuGet.targets
	EndProjectSection
EndProject
Global
	GlobalSection(SolutionConfigurationPlatforms) = preSolution
		Debug|Any CPU = Debug|Any CPU
		Release|Any CPU = Release|Any CPU
	EndGlobalSection
	GlobalSection(ProjectConfigurationPlatforms) = postSolution
		{AA0DA67A-FEE1-4A01-8F32-0F60B0ACAD53}.Debug|Any CPU.ActiveCfg = Debug|Any CPU
		{AA0DA67A-FEE1-4A01-8F32-0F60B0ACAD53}.Debug|Any CPU.Build.0 = Debug|Any CPU
		{AA0DA67A-FEE1-4A01-8F32-0F60B0ACAD53}.Release|Any CPU.ActiveCfg = Release|Any CPU
		{AA0DA67A-FEE1-4A01-8F32-0F60B0ACAD53}.Release|Any CPU.Build.0 = Release|Any CPU
		{84A7BAF6-5A4D-4BEC-90B7-B6A94EF27B3C}.Debug|Any CPU.ActiveCfg = Debug|Any CPU
		{84A7BAF6-5A4D-4BEC-90B7-B6A94EF27B3C}.Debug|Any CPU.Build.0 = Debug|Any CPU
		{84A7BAF6-5A4D-4BEC-90B7-B6A94EF27B3C}.Release|Any CPU.ActiveCfg = Release|Any CPU
		{84A7BAF6-5A4D-4BEC-90B7-B6A94EF27B3C}.Release|Any CPU.Build.0 = Release|Any CPU
		{647A6A80-1314-44F7-9618-DB1B7F2977B6}.Debug|Any CPU.ActiveCfg = Debug|Any CPU
		{647A6A80-1314-44F7-9618-DB1B7F2977B6}.Debug|Any CPU.Build.0 = Debug|Any CPU
		{647A6A80-1314-44F7-9618-DB1B7F2977B6}.Release|Any CPU.ActiveCfg = Release|Any CPU
		{647A6A80-1314-44F7-9618-DB1B7F2977B6}.Release|Any CPU.Build.0 = Release|Any CPU
		{2318A59E-24F4-4342-9943-4395077CA0BD}.Debug|Any CPU.ActiveCfg = Debug|Any CPU
		{2318A59E-24F4-4342-9943-4395077CA0BD}.Debug|Any CPU.Build.0 = Debug|Any CPU
		{2318A59E-24F4-4342-9943-4395077CA0BD}.Release|Any CPU.ActiveCfg = Release|Any CPU
		{2318A59E-24F4-4342-9943-4395077CA0BD}.Release|Any CPU.Build.0 = Release|Any CPU
		{E62689B8-39E1-47DB-B96D-21432900A35C}.Debug|Any CPU.ActiveCfg = Debug|Any CPU
		{E62689B8-39E1-47DB-B96D-21432900A35C}.Debug|Any CPU.Build.0 = Debug|Any CPU
		{E62689B8-39E1-47DB-B96D-21432900A35C}.Release|Any CPU.ActiveCfg = Release|Any CPU
		{E62689B8-39E1-47DB-B96D-21432900A35C}.Release|Any CPU.Build.0 = Release|Any CPU
		{254AA977-2887-4AF8-BF66-F7A51C7C4B61}.Debug|Any CPU.ActiveCfg = Debug|Any CPU
		{254AA977-2887-4AF8-BF66-F7A51C7C4B61}.Debug|Any CPU.Build.0 = Debug|Any CPU
		{254AA977-2887-4AF8-BF66-F7A51C7C4B61}.Release|Any CPU.ActiveCfg = Release|Any CPU
		{254AA977-2887-4AF8-BF66-F7A51C7C4B61}.Release|Any CPU.Build.0 = Release|Any CPU
		{92FC223D-0E62-4A64-82E5-6CCC6077AFD3}.Debug|Any CPU.ActiveCfg = Debug|Any CPU
		{92FC223D-0E62-4A64-82E5-6CCC6077AFD3}.Debug|Any CPU.Build.0 = Debug|Any CPU
		{92FC223D-0E62-4A64-82E5-6CCC6077AFD3}.Release|Any CPU.ActiveCfg = Release|Any CPU
		{92FC223D-0E62-4A64-82E5-6CCC6077AFD3}.Release|Any CPU.Build.0 = Release|Any CPU
		{431ADB89-3DA0-4E18-9AF0-984B917E6EB8}.Debug|Any CPU.ActiveCfg = Debug|Any CPU
		{431ADB89-3DA0-4E18-9AF0-984B917E6EB8}.Debug|Any CPU.Build.0 = Debug|Any CPU
		{431ADB89-3DA0-4E18-9AF0-984B917E6EB8}.Release|Any CPU.ActiveCfg = Release|Any CPU
		{431ADB89-3DA0-4E18-9AF0-984B917E6EB8}.Release|Any CPU.Build.0 = Release|Any CPU
		{DA38DF68-90CB-40D7-A872-8D671421A0AD}.Debug|Any CPU.ActiveCfg = Debug|Any CPU
		{DA38DF68-90CB-40D7-A872-8D671421A0AD}.Debug|Any CPU.Build.0 = Debug|Any CPU
		{DA38DF68-90CB-40D7-A872-8D671421A0AD}.Release|Any CPU.ActiveCfg = Release|Any CPU
		{DA38DF68-90CB-40D7-A872-8D671421A0AD}.Release|Any CPU.Build.0 = Release|Any CPU
	EndGlobalSection
	GlobalSection(SolutionProperties) = preSolution
		HideSolutionNode = FALSE
	EndGlobalSection
	GlobalSection(NestedProjects) = preSolution
		{AA0DA67A-FEE1-4A01-8F32-0F60B0ACAD53} = {74414738-AE3A-415F-B4E7-1F0A0901AF9F}
		{84A7BAF6-5A4D-4BEC-90B7-B6A94EF27B3C} = {74414738-AE3A-415F-B4E7-1F0A0901AF9F}
		{431ADB89-3DA0-4E18-9AF0-984B917E6EB8} = {74414738-AE3A-415F-B4E7-1F0A0901AF9F}
		{647A6A80-1314-44F7-9618-DB1B7F2977B6} = {5E2CB1C6-17A6-40CF-90E0-E755FAF278D6}
		{2318A59E-24F4-4342-9943-4395077CA0BD} = {5E2CB1C6-17A6-40CF-90E0-E755FAF278D6}
		{E62689B8-39E1-47DB-B96D-21432900A35C} = {5E2CB1C6-17A6-40CF-90E0-E755FAF278D6}
		{92FC223D-0E62-4A64-82E5-6CCC6077AFD3} = {5E2CB1C6-17A6-40CF-90E0-E755FAF278D6}
		{DA38DF68-90CB-40D7-A872-8D671421A0AD} = {5E2CB1C6-17A6-40CF-90E0-E755FAF278D6}
		{254AA977-2887-4AF8-BF66-F7A51C7C4B61} = {5C604E13-AEB1-4CC7-84A7-4CEC1D0D3545}
	EndGlobalSection
EndGlobal
